
Microsoft Visual Studio Solution File, Format Version 12.00
# Visual Studio 14
VisualStudioVersion = 14.0.25420.1
MinimumVisualStudioVersion = 10.0.40219.1
Project("{2150E333-8FDC-42A3-9474-1A3956D46DE8}") = "MainApplication", "MainApplication", "{A257FD0C-779A-4337-A856-345D4014DEDC}"
EndProject
Project("{2150E333-8FDC-42A3-9474-1A3956D46DE8}") = "DataFramework", "DataFramework", "{E955163C-62A7-4A07-8F06-73ED2FCE6CBB}"
EndProject
Project("{2150E333-8FDC-42A3-9474-1A3956D46DE8}") = "Common", "Common", "{CF17AF14-C58D-44D9-89A0-D15B14AC1F1D}"
EndProject
Project("{FAE04EC0-301F-11D3-BF4B-00C04F79EFBC}") = "PUCIT.AIMRL.SFP.MainApp", "MainApplication\PUCIT.AIMRL.SFP.MainApp\PUCIT.AIMRL.SFP.MainApp.csproj", "{72E7280A-1983-4B83-8ED7-23391137A742}"
EndProject
Project("{FAE04EC0-301F-11D3-BF4B-00C04F79EFBC}") = "PUCIT.AIMRL.SFP.DAL", "DataFramework\PUCIT.AIMRL.SFP.DAL\PUCIT.AIMRL.SFP.DAL.csproj", "{077316F1-74BD-4E30-B93E-5B0079ADEA29}"
EndProject
Project("{FAE04EC0-301F-11D3-BF4B-00C04F79EFBC}") = "PUCIT.AIMRL.SFP.Entities", "DataFramework\PUCIT.AIMRL.SFP.Entities\PUCIT.AIMRL.SFP.Entities.csproj", "{1263615F-7040-416F-96A3-631E2898DAE7}"
EndProject
Project("{FAE04EC0-301F-11D3-BF4B-00C04F79EFBC}") = "PUCIT.AIMRL.Common", "Common\PUCIT.AIMRL.Common\PUCIT.AIMRL.Common.csproj", "{70F7021A-A698-4489-A279-822D0EFCBDCB}"
EndProject
Project("{FAE04EC0-301F-11D3-BF4B-00C04F79EFBC}") = "PUCIT.AIMRL.SFP.UI.Common", "Common\PUCIT.AIMRL.SFP.UI.Common\PUCIT.AIMRL.SFP.UI.Common.csproj", "{A46498AE-503C-4E55-8403-2160556B688B}"
EndProject
Project("{FAE04EC0-301F-11D3-BF4B-00C04F79EFBC}") = "PUCIT.AIMRL.Common.Logger", "Common\PUCIT.AIMRL.Common.Logger\PUCIT.AIMRL.Common.Logger.csproj", "{8C5205F7-65EE-43C7-A99A-9D09C70FB080}"
EndProject
Project("{2150E333-8FDC-42A3-9474-1A3956D46DE8}") = "DB Scripts", "DB Scripts", "{2C0DD0A3-5FE2-4E07-9E39-CB4761282822}"
	ProjectSection(SolutionItems) = preProject
		DB Scripts\DB_Script.txt = DB Scripts\DB_Script.txt
	EndProjectSection
EndProject
Project("{2150E333-8FDC-42A3-9474-1A3956D46DE8}") = "NotificationServer", "NotificationServer", "{A29F4040-6531-494A-9539-C9D1E44F42CA}"
EndProject
Project("{FAE04EC0-301F-11D3-BF4B-00C04F79EFBC}") = "PUCIT.AIMRL.NotificationServer", "NotificationServer\PUCIT.AIMRL.NotificationServer\PUCIT.AIMRL.NotificationServer.csproj", "{C05EAE7A-E611-4004-8909-2B214CDD11CA}"
EndProject
Project("{FAE04EC0-301F-11D3-BF4B-00C04F79EFBC}") = "PUCIT.AIMRL.NotificationEngine.Entities", "NotificationServer\PUCIT.AIMRL.NotificationEngine.Entities\PUCIT.AIMRL.NotificationEngine.Entities.csproj", "{8B85AFB3-83BC-4168-8DC0-D9991DA9DD8D}"
EndProject
Project("{FAE04EC0-301F-11D3-BF4B-00C04F79EFBC}") = "PUCIT.AIMRL.NotificationEngine.DAL", "NotificationServer\PUCIT.AIMRL.NotificationEngine.DAL\PUCIT.AIMRL.NotificationEngine.DAL.csproj", "{81A94D14-0AEA-4969-8656-2C528F540DAE}"
EndProject
Project("{2150E333-8FDC-42A3-9474-1A3956D46DE8}") = "DBScripts", "DBScripts", "{DAE981EF-F607-4CF1-BE18-C6C75B89DB9B}"
EndProject
Global
	GlobalSection(SolutionConfigurationPlatforms) = preSolution
		Debug|Any CPU = Debug|Any CPU
		QA|Any CPU = QA|Any CPU
		QAServer|Any CPU = QAServer|Any CPU
		Release|Any CPU = Release|Any CPU
		UAT|Any CPU = UAT|Any CPU
	EndGlobalSection
	GlobalSection(ProjectConfigurationPlatforms) = postSolution
		{72E7280A-1983-4B83-8ED7-23391137A742}.Debug|Any CPU.ActiveCfg = Debug|Any CPU
		{72E7280A-1983-4B83-8ED7-23391137A742}.Debug|Any CPU.Build.0 = Debug|Any CPU
		{72E7280A-1983-4B83-8ED7-23391137A742}.QA|Any CPU.ActiveCfg = Release|Any CPU
		{72E7280A-1983-4B83-8ED7-23391137A742}.QA|Any CPU.Build.0 = Release|Any CPU
		{72E7280A-1983-4B83-8ED7-23391137A742}.QAServer|Any CPU.ActiveCfg = Release|Any CPU
		{72E7280A-1983-4B83-8ED7-23391137A742}.QAServer|Any CPU.Build.0 = Release|Any CPU
		{72E7280A-1983-4B83-8ED7-23391137A742}.Release|Any CPU.ActiveCfg = Release|Any CPU
		{72E7280A-1983-4B83-8ED7-23391137A742}.Release|Any CPU.Build.0 = Release|Any CPU
		{72E7280A-1983-4B83-8ED7-23391137A742}.UAT|Any CPU.ActiveCfg = Release|Any CPU
		{72E7280A-1983-4B83-8ED7-23391137A742}.UAT|Any CPU.Build.0 = Release|Any CPU
		{077316F1-74BD-4E30-B93E-5B0079ADEA29}.Debug|Any CPU.ActiveCfg = Debug|Any CPU
		{077316F1-74BD-4E30-B93E-5B0079ADEA29}.Debug|Any CPU.Build.0 = Debug|Any CPU
		{077316F1-74BD-4E30-B93E-5B0079ADEA29}.QA|Any CPU.ActiveCfg = Release|Any CPU
		{077316F1-74BD-4E30-B93E-5B0079ADEA29}.QA|Any CPU.Build.0 = Release|Any CPU
		{077316F1-74BD-4E30-B93E-5B0079ADEA29}.QAServer|Any CPU.ActiveCfg = Release|Any CPU
		{077316F1-74BD-4E30-B93E-5B0079ADEA29}.QAServer|Any CPU.Build.0 = Release|Any CPU
		{077316F1-74BD-4E30-B93E-5B0079ADEA29}.Release|Any CPU.ActiveCfg = Release|Any CPU
		{077316F1-74BD-4E30-B93E-5B0079ADEA29}.Release|Any CPU.Build.0 = Release|Any CPU
		{077316F1-74BD-4E30-B93E-5B0079ADEA29}.UAT|Any CPU.ActiveCfg = Release|Any CPU
		{077316F1-74BD-4E30-B93E-5B0079ADEA29}.UAT|Any CPU.Build.0 = Release|Any CPU
		{1263615F-7040-416F-96A3-631E2898DAE7}.Debug|Any CPU.ActiveCfg = Debug|Any CPU
		{1263615F-7040-416F-96A3-631E2898DAE7}.Debug|Any CPU.Build.0 = Debug|Any CPU
		{1263615F-7040-416F-96A3-631E2898DAE7}.QA|Any CPU.ActiveCfg = Release|Any CPU
		{1263615F-7040-416F-96A3-631E2898DAE7}.QA|Any CPU.Build.0 = Release|Any CPU
		{1263615F-7040-416F-96A3-631E2898DAE7}.QAServer|Any CPU.ActiveCfg = Release|Any CPU
		{1263615F-7040-416F-96A3-631E2898DAE7}.QAServer|Any CPU.Build.0 = Release|Any CPU
		{1263615F-7040-416F-96A3-631E2898DAE7}.Release|Any CPU.ActiveCfg = Release|Any CPU
		{1263615F-7040-416F-96A3-631E2898DAE7}.Release|Any CPU.Build.0 = Release|Any CPU
		{1263615F-7040-416F-96A3-631E2898DAE7}.UAT|Any CPU.ActiveCfg = Release|Any CPU
		{1263615F-7040-416F-96A3-631E2898DAE7}.UAT|Any CPU.Build.0 = Release|Any CPU
		{70F7021A-A698-4489-A279-822D0EFCBDCB}.Debug|Any CPU.ActiveCfg = Debug|Any CPU
		{70F7021A-A698-4489-A279-822D0EFCBDCB}.Debug|Any CPU.Build.0 = Debug|Any CPU
		{70F7021A-A698-4489-A279-822D0EFCBDCB}.QA|Any CPU.ActiveCfg = Release|Any CPU
		{70F7021A-A698-4489-A279-822D0EFCBDCB}.QA|Any CPU.Build.0 = Release|Any CPU
		{70F7021A-A698-4489-A279-822D0EFCBDCB}.QAServer|Any CPU.ActiveCfg = Release|Any CPU
		{70F7021A-A698-4489-A279-822D0EFCBDCB}.QAServer|Any CPU.Build.0 = Release|Any CPU
		{70F7021A-A698-4489-A279-822D0EFCBDCB}.Release|Any CPU.ActiveCfg = Release|Any CPU
		{70F7021A-A698-4489-A279-822D0EFCBDCB}.Release|Any CPU.Build.0 = Release|Any CPU
		{70F7021A-A698-4489-A279-822D0EFCBDCB}.UAT|Any CPU.ActiveCfg = Release|Any CPU
		{70F7021A-A698-4489-A279-822D0EFCBDCB}.UAT|Any CPU.Build.0 = Release|Any CPU
		{A46498AE-503C-4E55-8403-2160556B688B}.Debug|Any CPU.ActiveCfg = Debug|Any CPU
		{A46498AE-503C-4E55-8403-2160556B688B}.Debug|Any CPU.Build.0 = Debug|Any CPU
		{A46498AE-503C-4E55-8403-2160556B688B}.QA|Any CPU.ActiveCfg = Release|Any CPU
		{A46498AE-503C-4E55-8403-2160556B688B}.QA|Any CPU.Build.0 = Release|Any CPU
		{A46498AE-503C-4E55-8403-2160556B688B}.QAServer|Any CPU.ActiveCfg = Release|Any CPU
		{A46498AE-503C-4E55-8403-2160556B688B}.QAServer|Any CPU.Build.0 = Release|Any CPU
		{A46498AE-503C-4E55-8403-2160556B688B}.Release|Any CPU.ActiveCfg = Release|Any CPU
		{A46498AE-503C-4E55-8403-2160556B688B}.Release|Any CPU.Build.0 = Release|Any CPU
		{A46498AE-503C-4E55-8403-2160556B688B}.UAT|Any CPU.ActiveCfg = Release|Any CPU
		{A46498AE-503C-4E55-8403-2160556B688B}.UAT|Any CPU.Build.0 = Release|Any CPU
		{8C5205F7-65EE-43C7-A99A-9D09C70FB080}.Debug|Any CPU.ActiveCfg = Debug|Any CPU
		{8C5205F7-65EE-43C7-A99A-9D09C70FB080}.Debug|Any CPU.Build.0 = Debug|Any CPU
		{8C5205F7-65EE-43C7-A99A-9D09C70FB080}.QA|Any CPU.ActiveCfg = QA|Any CPU
		{8C5205F7-65EE-43C7-A99A-9D09C70FB080}.QA|Any CPU.Build.0 = QA|Any CPU
		{8C5205F7-65EE-43C7-A99A-9D09C70FB080}.QAServer|Any CPU.ActiveCfg = QA|Any CPU
		{8C5205F7-65EE-43C7-A99A-9D09C70FB080}.QAServer|Any CPU.Build.0 = QA|Any CPU
		{8C5205F7-65EE-43C7-A99A-9D09C70FB080}.Release|Any CPU.ActiveCfg = Release|Any CPU
		{8C5205F7-65EE-43C7-A99A-9D09C70FB080}.Release|Any CPU.Build.0 = Release|Any CPU
		{8C5205F7-65EE-43C7-A99A-9D09C70FB080}.UAT|Any CPU.ActiveCfg = UAT|Any CPU
		{8C5205F7-65EE-43C7-A99A-9D09C70FB080}.UAT|Any CPU.Build.0 = UAT|Any CPU
		{C05EAE7A-E611-4004-8909-2B214CDD11CA}.Debug|Any CPU.ActiveCfg = Debug|Any CPU
		{C05EAE7A-E611-4004-8909-2B214CDD11CA}.Debug|Any CPU.Build.0 = Debug|Any CPU
		{C05EAE7A-E611-4004-8909-2B214CDD11CA}.QA|Any CPU.ActiveCfg = Release|Any CPU
		{C05EAE7A-E611-4004-8909-2B214CDD11CA}.QA|Any CPU.Build.0 = Release|Any CPU
		{C05EAE7A-E611-4004-8909-2B214CDD11CA}.QAServer|Any CPU.ActiveCfg = Release|Any CPU
		{C05EAE7A-E611-4004-8909-2B214CDD11CA}.QAServer|Any CPU.Build.0 = Release|Any CPU
		{C05EAE7A-E611-4004-8909-2B214CDD11CA}.Release|Any CPU.ActiveCfg = Release|Any CPU
		{C05EAE7A-E611-4004-8909-2B214CDD11CA}.Release|Any CPU.Build.0 = Release|Any CPU
		{C05EAE7A-E611-4004-8909-2B214CDD11CA}.UAT|Any CPU.ActiveCfg = Release|Any CPU
		{C05EAE7A-E611-4004-8909-2B214CDD11CA}.UAT|Any CPU.Build.0 = Release|Any CPU
		{8B85AFB3-83BC-4168-8DC0-D9991DA9DD8D}.Debug|Any CPU.ActiveCfg = Debug|Any CPU
		{8B85AFB3-83BC-4168-8DC0-D9991DA9DD8D}.Debug|Any CPU.Build.0 = Debug|Any CPU
		{8B85AFB3-83BC-4168-8DC0-D9991DA9DD8D}.QA|Any CPU.ActiveCfg = Release|Any CPU
		{8B85AFB3-83BC-4168-8DC0-D9991DA9DD8D}.QA|Any CPU.Build.0 = Release|Any CPU
		{8B85AFB3-83BC-4168-8DC0-D9991DA9DD8D}.QAServer|Any CPU.ActiveCfg = Release|Any CPU
		{8B85AFB3-83BC-4168-8DC0-D9991DA9DD8D}.QAServer|Any CPU.Build.0 = Release|Any CPU
		{8B85AFB3-83BC-4168-8DC0-D9991DA9DD8D}.Release|Any CPU.ActiveCfg = Release|Any CPU
		{8B85AFB3-83BC-4168-8DC0-D9991DA9DD8D}.Release|Any CPU.Build.0 = Release|Any CPU
		{8B85AFB3-83BC-4168-8DC0-D9991DA9DD8D}.UAT|Any CPU.ActiveCfg = Release|Any CPU
		{8B85AFB3-83BC-4168-8DC0-D9991DA9DD8D}.UAT|Any CPU.Build.0 = Release|Any CPU
		{81A94D14-0AEA-4969-8656-2C528F540DAE}.Debug|Any CPU.ActiveCfg = Debug|Any CPU
		{81A94D14-0AEA-4969-8656-2C528F540DAE}.Debug|Any CPU.Build.0 = Debug|Any CPU
		{81A94D14-0AEA-4969-8656-2C528F540DAE}.QA|Any CPU.ActiveCfg = Release|Any CPU
		{81A94D14-0AEA-4969-8656-2C528F540DAE}.QA|Any CPU.Build.0 = Release|Any CPU
		{81A94D14-0AEA-4969-8656-2C528F540DAE}.QAServer|Any CPU.ActiveCfg = Release|Any CPU
		{81A94D14-0AEA-4969-8656-2C528F540DAE}.QAServer|Any CPU.Build.0 = Release|Any CPU
		{81A94D14-0AEA-4969-8656-2C528F540DAE}.Release|Any CPU.ActiveCfg = Release|Any CPU
		{81A94D14-0AEA-4969-8656-2C528F540DAE}.Release|Any CPU.Build.0 = Release|Any CPU
		{81A94D14-0AEA-4969-8656-2C528F540DAE}.UAT|Any CPU.ActiveCfg = Release|Any CPU
		{81A94D14-0AEA-4969-8656-2C528F540DAE}.UAT|Any CPU.Build.0 = Release|Any CPU
	EndGlobalSection
	GlobalSection(SolutionProperties) = preSolution
		HideSolutionNode = FALSE
	EndGlobalSection
	GlobalSection(NestedProjects) = preSolution
		{72E7280A-1983-4B83-8ED7-23391137A742} = {A257FD0C-779A-4337-A856-345D4014DEDC}
		{077316F1-74BD-4E30-B93E-5B0079ADEA29} = {E955163C-62A7-4A07-8F06-73ED2FCE6CBB}
		{1263615F-7040-416F-96A3-631E2898DAE7} = {E955163C-62A7-4A07-8F06-73ED2FCE6CBB}
		{70F7021A-A698-4489-A279-822D0EFCBDCB} = {CF17AF14-C58D-44D9-89A0-D15B14AC1F1D}
		{A46498AE-503C-4E55-8403-2160556B688B} = {CF17AF14-C58D-44D9-89A0-D15B14AC1F1D}
		{8C5205F7-65EE-43C7-A99A-9D09C70FB080} = {CF17AF14-C58D-44D9-89A0-D15B14AC1F1D}
		{C05EAE7A-E611-4004-8909-2B214CDD11CA} = {A29F4040-6531-494A-9539-C9D1E44F42CA}
		{8B85AFB3-83BC-4168-8DC0-D9991DA9DD8D} = {A29F4040-6531-494A-9539-C9D1E44F42CA}
		{81A94D14-0AEA-4969-8656-2C528F540DAE} = {A29F4040-6531-494A-9539-C9D1E44F42CA}
		{DAE981EF-F607-4CF1-BE18-C6C75B89DB9B} = {A29F4040-6531-494A-9539-C9D1E44F42CA}
	EndGlobalSection
EndGlobal
